
Microsoft Visual Studio Solution File, Format Version 12.00
# Visual Studio Version 16
VisualStudioVersion = 16.0.30523.141
MinimumVisualStudioVersion = 10.0.40219.1
Project("{FAE04EC0-301F-11D3-BF4B-00C04F79EFBC}") = "QL_DocGia", "QL_DocGia\QL_DocGia.csproj", "{80923858-5C75-48BE-A371-488750059CD5}"
EndProject
Project("{FAE04EC0-301F-11D3-BF4B-00C04F79EFBC}") = "BM2", "..\..\..\BM2\BM2\BM2.csproj", "{35A53E2F-5EF9-4FE5-852F-8755BF9C906B}"
EndProject
Project("{FAE04EC0-301F-11D3-BF4B-00C04F79EFBC}") = "Trang Chu", "..\Trang Chu\Trang Chu\Trang Chu.csproj", "{98A06257-A80A-46E7-9C6C-E1BAEBFB8970}"
EndProject
Global
	GlobalSection(SolutionConfigurationPlatforms) = preSolution
		Debug|Any CPU = Debug|Any CPU
		Release|Any CPU = Release|Any CPU
	EndGlobalSection
	GlobalSection(ProjectConfigurationPlatforms) = postSolution
		{80923858-5C75-48BE-A371-488750059CD5}.Debug|Any CPU.ActiveCfg = Debug|Any CPU
		{80923858-5C75-48BE-A371-488750059CD5}.Debug|Any CPU.Build.0 = Debug|Any CPU
		{80923858-5C75-48BE-A371-488750059CD5}.Release|Any CPU.ActiveCfg = Release|Any CPU
		{80923858-5C75-48BE-A371-488750059CD5}.Release|Any CPU.Build.0 = Release|Any CPU
		{35A53E2F-5EF9-4FE5-852F-8755BF9C906B}.Debug|Any CPU.ActiveCfg = Debug|Any CPU
		{35A53E2F-5EF9-4FE5-852F-8755BF9C906B}.Debug|Any CPU.Build.0 = Debug|Any CPU
		{35A53E2F-5EF9-4FE5-852F-8755BF9C906B}.Release|Any CPU.ActiveCfg = Release|Any CPU
		{35A53E2F-5EF9-4FE5-852F-8755BF9C906B}.Release|Any CPU.Build.0 = Release|Any CPU
		{98A06257-A80A-46E7-9C6C-E1BAEBFB8970}.Debug|Any CPU.ActiveCfg = Debug|Any CPU
		{98A06257-A80A-46E7-9C6C-E1BAEBFB8970}.Debug|Any CPU.Build.0 = Debug|Any CPU
		{98A06257-A80A-46E7-9C6C-E1BAEBFB8970}.Release|Any CPU.ActiveCfg = Release|Any CPU
		{98A06257-A80A-46E7-9C6C-E1BAEBFB8970}.Release|Any CPU.Build.0 = Release|Any CPU
	EndGlobalSection
	GlobalSection(SolutionProperties) = preSolution
		HideSolutionNode = FALSE
	EndGlobalSection
	GlobalSection(ExtensibilityGlobals) = postSolution
		SolutionGuid = {F39EBD1D-799C-467B-AA95-97884835FD8A}
	EndGlobalSection
EndGlobal
