
Microsoft Visual Studio Solution File, Format Version 12.00
# Visual Studio Version 16
VisualStudioVersion = 16.0.30413.136
MinimumVisualStudioVersion = 10.0.40219.1
Project("{FAE04EC0-301F-11D3-BF4B-00C04F79EFBC}") = "QuanLyThuVien", "..\Trang Chu Cho Doc Gia\Trang Chu Cho Doc Gia\QuanLyThuVien.csproj", "{98A06257-A80A-46E7-9C6C-E1BAEBFB8970}"
EndProject
Project("{FAE04EC0-301F-11D3-BF4B-00C04F79EFBC}") = "QLDG", "..\QuanLyDocGia\QLDG\QLDG.csproj", "{A511976B-C0B3-42D6-AB8D-86F792AEE843}"
EndProject
Global
	GlobalSection(SolutionConfigurationPlatforms) = preSolution
		Debug|Any CPU = Debug|Any CPU
		Release|Any CPU = Release|Any CPU
	EndGlobalSection
	GlobalSection(ProjectConfigurationPlatforms) = postSolution
		{98A06257-A80A-46E7-9C6C-E1BAEBFB8970}.Debug|Any CPU.ActiveCfg = Debug|Any CPU
		{98A06257-A80A-46E7-9C6C-E1BAEBFB8970}.Debug|Any CPU.Build.0 = Debug|Any CPU
		{98A06257-A80A-46E7-9C6C-E1BAEBFB8970}.Release|Any CPU.ActiveCfg = Release|Any CPU
		{98A06257-A80A-46E7-9C6C-E1BAEBFB8970}.Release|Any CPU.Build.0 = Release|Any CPU
		{A511976B-C0B3-42D6-AB8D-86F792AEE843}.Debug|Any CPU.ActiveCfg = Debug|Any CPU
		{A511976B-C0B3-42D6-AB8D-86F792AEE843}.Debug|Any CPU.Build.0 = Debug|Any CPU
		{A511976B-C0B3-42D6-AB8D-86F792AEE843}.Release|Any CPU.ActiveCfg = Release|Any CPU
		{A511976B-C0B3-42D6-AB8D-86F792AEE843}.Release|Any CPU.Build.0 = Release|Any CPU
	EndGlobalSection
	GlobalSection(SolutionProperties) = preSolution
		HideSolutionNode = FALSE
	EndGlobalSection
	GlobalSection(ExtensibilityGlobals) = postSolution
		SolutionGuid = {8276B5E1-6E72-48DE-BA17-3A759B7D4D4C}
	EndGlobalSection
EndGlobal
