
Microsoft Visual Studio Solution File, Format Version 12.00
# Visual Studio Version 16
VisualStudioVersion = 16.0.30413.136
MinimumVisualStudioVersion = 10.0.40219.1
Project("{FAE04EC0-301F-11D3-BF4B-00C04F79EFBC}") = "Log_in", "Trang Chu\Log_in.csproj", "{98A06257-A80A-46E7-9C6C-E1BAEBFB8970}"
EndProject
Global
	GlobalSection(SolutionConfigurationPlatforms) = preSolution
		Debug|Any CPU = Debug|Any CPU
		Release|Any CPU = Release|Any CPU
	EndGlobalSection
	GlobalSection(ProjectConfigurationPlatforms) = postSolution
		{98A06257-A80A-46E7-9C6C-E1BAEBFB8970}.Debug|Any CPU.ActiveCfg = Debug|Any CPU
		{98A06257-A80A-46E7-9C6C-E1BAEBFB8970}.Debug|Any CPU.Build.0 = Debug|Any CPU
		{98A06257-A80A-46E7-9C6C-E1BAEBFB8970}.Release|Any CPU.ActiveCfg = Release|Any CPU
		{98A06257-A80A-46E7-9C6C-E1BAEBFB8970}.Release|Any CPU.Build.0 = Release|Any CPU
	EndGlobalSection
	GlobalSection(SolutionProperties) = preSolution
		HideSolutionNode = FALSE
	EndGlobalSection
	GlobalSection(ExtensibilityGlobals) = postSolution
		SolutionGuid = {92731062-7B38-4A88-A844-F235B2E9B930}
	EndGlobalSection
EndGlobal
