
Microsoft Visual Studio Solution File, Format Version 12.00
# Visual Studio Version 16
VisualStudioVersion = 16.0.30413.136
MinimumVisualStudioVersion = 10.0.40219.1
Project("{FAE04EC0-301F-11D3-BF4B-00C04F79EFBC}") = "From_dang_ky", "From_dang_ky\From_dang_ky.csproj", "{80B53431-5FDE-4538-BCAE-222124E368BD}"
EndProject
Global
	GlobalSection(SolutionConfigurationPlatforms) = preSolution
		Debug|Any CPU = Debug|Any CPU
		Release|Any CPU = Release|Any CPU
	EndGlobalSection
	GlobalSection(ProjectConfigurationPlatforms) = postSolution
		{80B53431-5FDE-4538-BCAE-222124E368BD}.Debug|Any CPU.ActiveCfg = Debug|Any CPU
		{80B53431-5FDE-4538-BCAE-222124E368BD}.Debug|Any CPU.Build.0 = Debug|Any CPU
		{80B53431-5FDE-4538-BCAE-222124E368BD}.Release|Any CPU.ActiveCfg = Release|Any CPU
		{80B53431-5FDE-4538-BCAE-222124E368BD}.Release|Any CPU.Build.0 = Release|Any CPU
	EndGlobalSection
	GlobalSection(SolutionProperties) = preSolution
		HideSolutionNode = FALSE
	EndGlobalSection
	GlobalSection(ExtensibilityGlobals) = postSolution
		SolutionGuid = {8697D3A5-BE32-4243-8F11-E37C9DD4AB22}
	EndGlobalSection
EndGlobal
