
Microsoft Visual Studio Solution File, Format Version 12.00
# Visual Studio Version 16
VisualStudioVersion = 16.0.30523.141
MinimumVisualStudioVersion = 10.0.40219.1
Project("{FAE04EC0-301F-11D3-BF4B-00C04F79EFBC}") = "QL_DocGia", "..\..\..\..\..\..\OneDrive\Tài liệu\ptud\QuanLyDocGia\BM2\QL_DocGia.csproj", "{35A53E2F-5EF9-4FE5-852F-8755BF9C906B}"
EndProject
Global
	GlobalSection(SolutionConfigurationPlatforms) = preSolution
		Debug|Any CPU = Debug|Any CPU
		Release|Any CPU = Release|Any CPU
	EndGlobalSection
	GlobalSection(ProjectConfigurationPlatforms) = postSolution
		{35A53E2F-5EF9-4FE5-852F-8755BF9C906B}.Debug|Any CPU.ActiveCfg = Debug|Any CPU
		{35A53E2F-5EF9-4FE5-852F-8755BF9C906B}.Debug|Any CPU.Build.0 = Debug|Any CPU
		{35A53E2F-5EF9-4FE5-852F-8755BF9C906B}.Release|Any CPU.ActiveCfg = Release|Any CPU
		{35A53E2F-5EF9-4FE5-852F-8755BF9C906B}.Release|Any CPU.Build.0 = Release|Any CPU
	EndGlobalSection
	GlobalSection(SolutionProperties) = preSolution
		HideSolutionNode = FALSE
	EndGlobalSection
	GlobalSection(ExtensibilityGlobals) = postSolution
		SolutionGuid = {CE2F97A0-C491-4B94-AC70-A8E4949BB9AE}
	EndGlobalSection
EndGlobal
